<Solution>
  <Folder Name="/BuildingBlocks/" />
  <Folder Name="/BuildingBlocks/Caching/">
    <Project Path="BuildingBlocks/Caching/Dental.Framework.Caching.csproj" />
  </Folder>
  <Folder Name="/BuildingBlocks/Core/">
    <Project Path="BuildingBlocks/Core/Dental.Framework.Core.csproj" />
  </Folder>
  <Folder Name="/BuildingBlocks/Eventing.Abstractions/">
    <Project Path="BuildingBlocks/Eventing.Abstractions/Dental.Framework.Eventing.Abstractions.csproj" />
  </Folder>
  <Folder Name="/BuildingBlocks/Eventing/">
    <Project Path="BuildingBlocks/Eventing/Dental.Framework.Eventing.csproj" />
  </Folder>
  <Folder Name="/BuildingBlocks/Jobs/">
    <Project Path="BuildingBlocks/Jobs/Dental.Framework.Jobs.csproj" />
  </Folder>
  <Folder Name="/BuildingBlocks/Mailing/">
    <Project Path="BuildingBlocks/Mailing/Dental.Framework.Mailing.csproj" />
  </Folder>
  <Folder Name="/BuildingBlocks/Persistence/">
    <Project Path="BuildingBlocks/Persistence/Dental.Framework.Persistence.csproj" />
  </Folder>
  <Folder Name="/BuildingBlocks/Quota/">
    <Project Path="BuildingBlocks/Quota/Dental.Framework.Quota.csproj" />
  </Folder>
  <Folder Name="/BuildingBlocks/Shared/">
    <Project Path="BuildingBlocks/Shared/Dental.Framework.Shared.csproj" />
  </Folder>
  <Folder Name="/BuildingBlocks/Storage/">
    <Project Path="BuildingBlocks/Storage/Dental.Framework.Storage.csproj" />
  </Folder>
  <Folder Name="/BuildingBlocks/Web/">
    <Project Path="BuildingBlocks/Web/Dental.Framework.Web.csproj" />
  </Folder>
  <Folder Name="/Modules/" />
  <Folder Name="/Modules/Auditing/" />
  <Folder Name="/Modules/Auditing/Modules.Auditing.Contracts/">
    <Project Path="Modules/Auditing/Modules.Auditing.Contracts/Dental.Modules.Auditing.Contracts.csproj" />
  </Folder>
  <Folder Name="/Modules/Auditing/Modules.Auditing/">
    <Project Path="Modules/Auditing/Modules.Auditing/Dental.Modules.Auditing.csproj" />
  </Folder>
  <Folder Name="/Modules/Billing/" />
  <Folder Name="/Modules/Billing/Modules.Billing.Contracts/">
    <Project Path="Modules/Billing/Modules.Billing.Contracts/Dental.Modules.Billing.Contracts.csproj" />
  </Folder>
  <Folder Name="/Modules/Billing/Modules.Billing/">
    <Project Path="Modules/Billing/Modules.Billing/Dental.Modules.Billing.csproj" />
  </Folder>
  <Folder Name="/Modules/Clinical/" />
  <Folder Name="/Modules/Clinical/Modules.Clinical.Contracts/">
    <Project Path="Modules/Clinical/Modules.Clinical.Contracts/Dental.Modules.Clinical.Contracts.csproj" />
  </Folder>
  <Folder Name="/Modules/Clinical/Modules.Clinical/">
    <Project Path="Modules/Clinical/Modules.Clinical/Dental.Modules.Clinical.csproj" />
  </Folder>
  <Folder Name="/Modules/Identity/" />
  <Folder Name="/Modules/Identity/Modules.Identity.Contracts/">
    <Project Path="Modules/Identity/Modules.Identity.Contracts/Dental.Modules.Identity.Contracts.csproj" />
  </Folder>
  <Folder Name="/Modules/Identity/Modules.Identity/">
    <Project Path="Modules/Identity/Modules.Identity/Dental.Modules.Identity.csproj" />
  </Folder>
  <Folder Name="/Modules/Notifications/" />
  <Folder Name="/Modules/Notifications/Modules.Notifications.Contracts/">
    <Project Path="Modules/Notifications/Modules.Notifications.Contracts/Dental.Modules.Notifications.Contracts.csproj" />
  </Folder>
  <Folder Name="/Modules/Notifications/Modules.Notifications/">
    <Project Path="Modules/Notifications/Modules.Notifications/Dental.Modules.Notifications.csproj" />
  </Folder>
  <Folder Name="/Modules/Patients/" />
  <Folder Name="/Modules/Patients/Modules.Patients.Contracts/">
    <Project Path="Modules/Patients/Modules.Patients.Contracts/Dental.Modules.Patients.Contracts.csproj" />
  </Folder>
  <Folder Name="/Modules/Patients/Modules.Patients/">
    <Project Path="Modules/Patients/Modules.Patients/Dental.Modules.Patients.csproj" />
  </Folder>
  <Folder Name="/Modules/Scheduling/" />
  <Folder Name="/Modules/Scheduling/Modules.Scheduling.Contracts/">
    <Project Path="Modules/Scheduling/Modules.Scheduling.Contracts/Dental.Modules.Scheduling.Contracts.csproj" />
  </Folder>
  <Folder Name="/Modules/Scheduling/Modules.Scheduling/">
    <Project Path="Modules/Scheduling/Modules.Scheduling/Dental.Modules.Scheduling.csproj" />
  </Folder>
  <Folder Name="/Modules/Tenancy/" />
  <Folder Name="/Modules/Tenancy/Modules.Tenancy.Contracts/">
    <Project Path="Modules/Tenancy/Modules.Tenancy.Contracts/Dental.Modules.Tenancy.Contracts.csproj" />
  </Folder>
  <Folder Name="/Modules/Tenancy/Modules.Tenancy/">
    <Project Path="Modules/Tenancy/Modules.Tenancy/Dental.Modules.Tenancy.csproj" />
  </Folder>
</Solution>
